
Microsoft Visual Studio Solution File, Format Version 12.00
# Visual Studio Version 17
VisualStudioVersion = 17.3.32819.101
MinimumVisualStudioVersion = 10.0.40219.1
Project("{FAE04EC0-301F-11D3-BF4B-00C04F79EFBC}") = "BankOfBIT_KL", "BankOfBIT_KL\BankOfBIT_KL.csproj", "{C7437A07-B304-4850-B5D9-22CC4FEC3F44}"
EndProject
Project("{FAE04EC0-301F-11D3-BF4B-00C04F79EFBC}") = "Utility", "Utility\Utility.csproj", "{BD0CC9BC-F54B-4054-BFFB-E11A08A387D6}"
EndProject
Project("{FAE04EC0-301F-11D3-BF4B-00C04F79EFBC}") = "BankService", "BankService\BankService.csproj", "{1B78AD55-2C39-4F23-8BC9-1614D065D9F2}"
EndProject
Project("{FAE04EC0-301F-11D3-BF4B-00C04F79EFBC}") = "OnlineBanking", "OnlineBanking\OnlineBanking.csproj", "{B4A1CAC3-DD4C-4399-AA1F-20DB46575523}"
	ProjectSection(ProjectDependencies) = postProject
		{1B78AD55-2C39-4F23-8BC9-1614D065D9F2} = {1B78AD55-2C39-4F23-8BC9-1614D065D9F2}
	EndProjectSection
EndProject
Global
	GlobalSection(SolutionConfigurationPlatforms) = preSolution
		Debug|Any CPU = Debug|Any CPU
		Release|Any CPU = Release|Any CPU
	EndGlobalSection
	GlobalSection(ProjectConfigurationPlatforms) = postSolution
		{C7437A07-B304-4850-B5D9-22CC4FEC3F44}.Debug|Any CPU.ActiveCfg = Debug|Any CPU
		{C7437A07-B304-4850-B5D9-22CC4FEC3F44}.Debug|Any CPU.Build.0 = Debug|Any CPU
		{C7437A07-B304-4850-B5D9-22CC4FEC3F44}.Release|Any CPU.ActiveCfg = Release|Any CPU
		{C7437A07-B304-4850-B5D9-22CC4FEC3F44}.Release|Any CPU.Build.0 = Release|Any CPU
		{BD0CC9BC-F54B-4054-BFFB-E11A08A387D6}.Debug|Any CPU.ActiveCfg = Debug|Any CPU
		{BD0CC9BC-F54B-4054-BFFB-E11A08A387D6}.Debug|Any CPU.Build.0 = Debug|Any CPU
		{BD0CC9BC-F54B-4054-BFFB-E11A08A387D6}.Release|Any CPU.ActiveCfg = Release|Any CPU
		{BD0CC9BC-F54B-4054-BFFB-E11A08A387D6}.Release|Any CPU.Build.0 = Release|Any CPU
		{1B78AD55-2C39-4F23-8BC9-1614D065D9F2}.Debug|Any CPU.ActiveCfg = Debug|Any CPU
		{1B78AD55-2C39-4F23-8BC9-1614D065D9F2}.Debug|Any CPU.Build.0 = Debug|Any CPU
		{1B78AD55-2C39-4F23-8BC9-1614D065D9F2}.Release|Any CPU.ActiveCfg = Release|Any CPU
		{1B78AD55-2C39-4F23-8BC9-1614D065D9F2}.Release|Any CPU.Build.0 = Release|Any CPU
		{B4A1CAC3-DD4C-4399-AA1F-20DB46575523}.Debug|Any CPU.ActiveCfg = Debug|Any CPU
		{B4A1CAC3-DD4C-4399-AA1F-20DB46575523}.Debug|Any CPU.Build.0 = Debug|Any CPU
		{B4A1CAC3-DD4C-4399-AA1F-20DB46575523}.Release|Any CPU.ActiveCfg = Release|Any CPU
		{B4A1CAC3-DD4C-4399-AA1F-20DB46575523}.Release|Any CPU.Build.0 = Release|Any CPU
	EndGlobalSection
	GlobalSection(SolutionProperties) = preSolution
		HideSolutionNode = FALSE
	EndGlobalSection
	GlobalSection(ExtensibilityGlobals) = postSolution
		SolutionGuid = {2CD8F71B-FC9E-4DB9-9845-A14ED5879E5C}
	EndGlobalSection
EndGlobal
